<Solution>
  <Folder Name="/src/">
    <Project Path="src/ChebyshevSharp/ChebyshevSharp.csproj" />
  </Folder>
  <Folder Name="/tests/">
    <Project Path="tests/ChebyshevSharp.Tests/ChebyshevSharp.Tests.csproj" />
  </Folder>
  <Folder Name="/benchmarks/">
    <Project Path="benchmarks/ChebyshevSharp.Benchmarks/ChebyshevSharp.Benchmarks.csproj" />
  </Folder>
  <Folder Name="/examples/">
    <Project Path="examples/QuickStart/QuickStart.csproj" />
    <Project Path="examples/SliderPartitionValidation/SliderPartitionValidation.csproj" />
    <Project Path="examples/TensorTrainHighDim/TensorTrainHighDim.csproj" />
    <Project Path="examples/FixedRateBondSurrogate/FixedRateBondSurrogate.csproj" />
    <Project Path="examples/CallableBondSurrogate/CallableBondSurrogate.csproj" />
    <Project Path="examples/AmericanOptionDynamicChebyshev/AmericanOptionDynamicChebyshev.csproj" />
  </Folder>
</Solution>
